
Microsoft Visual Studio Solution File, Format Version 12.00
# Visual Studio 15
VisualStudioVersion = 15.0.27428.2015
MinimumVisualStudioVersion = 10.0.40219.1
Project("{FAE04EC0-301F-11D3-BF4B-00C04F79EFBC}") = "DeveLineStateSaver", "DeveLineStateSaver\DeveLineStateSaver.csproj", "{F1693AD3-B298-418A-8135-08032BF9F178}"
EndProject
Project("{FAE04EC0-301F-11D3-BF4B-00C04F79EFBC}") = "DeveLineStateSaver.ConsoleApp", "DeveLineStateSaver.ConsoleApp\DeveLineStateSaver.ConsoleApp.csproj", "{D91C2581-FB5E-4824-B3C3-97AF5ABFD2A2}"
EndProject
Global
	GlobalSection(SolutionConfigurationPlatforms) = preSolution
		Debug|Any CPU = Debug|Any CPU
		Release|Any CPU = Release|Any CPU
	EndGlobalSection
	GlobalSection(ProjectConfigurationPlatforms) = postSolution
		{F1693AD3-B298-418A-8135-08032BF9F178}.Debug|Any CPU.ActiveCfg = Debug|Any CPU
		{F1693AD3-B298-418A-8135-08032BF9F178}.Debug|Any CPU.Build.0 = Debug|Any CPU
		{F1693AD3-B298-418A-8135-08032BF9F178}.Release|Any CPU.ActiveCfg = Release|Any CPU
		{F1693AD3-B298-418A-8135-08032BF9F178}.Release|Any CPU.Build.0 = Release|Any CPU
		{D91C2581-FB5E-4824-B3C3-97AF5ABFD2A2}.Debug|Any CPU.ActiveCfg = Debug|Any CPU
		{D91C2581-FB5E-4824-B3C3-97AF5ABFD2A2}.Debug|Any CPU.Build.0 = Debug|Any CPU
		{D91C2581-FB5E-4824-B3C3-97AF5ABFD2A2}.Release|Any CPU.ActiveCfg = Release|Any CPU
		{D91C2581-FB5E-4824-B3C3-97AF5ABFD2A2}.Release|Any CPU.Build.0 = Release|Any CPU
	EndGlobalSection
	GlobalSection(SolutionProperties) = preSolution
		HideSolutionNode = FALSE
	EndGlobalSection
	GlobalSection(ExtensibilityGlobals) = postSolution
		SolutionGuid = {4162BCB1-6B83-46D6-914C-7B1B8AD5425A}
	EndGlobalSection
EndGlobal
